
Microsoft Visual Studio Solution File, Format Version 12.00
# Visual Studio Version 16
VisualStudioVersion = 16.0.31624.102
MinimumVisualStudioVersion = 10.0.40219.1
Project("{FAE04EC0-301F-11D3-BF4B-00C04F79EFBC}") = "Test_Employees", "Test_Employees\Test_Employees.csproj", "{3B9EC34D-5A17-4710-9D29-B5C36B852E24}"
EndProject
Global
	GlobalSection(SolutionConfigurationPlatforms) = preSolution
		Debug|Any CPU = Debug|Any CPU
		Release|Any CPU = Release|Any CPU
	EndGlobalSection
	GlobalSection(ProjectConfigurationPlatforms) = postSolution
		{3B9EC34D-5A17-4710-9D29-B5C36B852E24}.Debug|Any CPU.ActiveCfg = Debug|Any CPU
		{3B9EC34D-5A17-4710-9D29-B5C36B852E24}.Debug|Any CPU.Build.0 = Debug|Any CPU
		{3B9EC34D-5A17-4710-9D29-B5C36B852E24}.Release|Any CPU.ActiveCfg = Release|Any CPU
		{3B9EC34D-5A17-4710-9D29-B5C36B852E24}.Release|Any CPU.Build.0 = Release|Any CPU
	EndGlobalSection
	GlobalSection(SolutionProperties) = preSolution
		HideSolutionNode = FALSE
	EndGlobalSection
	GlobalSection(ExtensibilityGlobals) = postSolution
		SolutionGuid = {791E8521-B516-4C63-B32F-288D4C2455C1}
	EndGlobalSection
EndGlobal
